
Microsoft Visual Studio Solution File, Format Version 12.00
# Visual Studio Version 17
VisualStudioVersion = 17.10.35201.131
MinimumVisualStudioVersion = 10.0.40219.1
Project("{9A19103F-16F7-4668-BE54-9A1E7A4F7556}") = "VemsApi", "VemsApi\VemsApi.csproj", "{95637188-F20E-4179-BAC7-3D5D32F8670C}"
EndProject
Project("{9A19103F-16F7-4668-BE54-9A1E7A4F7556}") = "BusinessObject", "BusinessObject\BusinessObject.csproj", "{9098BD40-D289-45F9-8A3D-80083EDC0E36}"
EndProject
Project("{9A19103F-16F7-4668-BE54-9A1E7A4F7556}") = "DataAccess", "DataAccess\DataAccess.csproj", "{A3FDE758-8DF9-40BE-96E1-4FCFD99C3AB8}"
EndProject
Project("{FAE04EC0-301F-11D3-BF4B-00C04F79EFBC}") = "AccountServiceVemsApi", "AccountServiceVemsApi\AccountServiceVemsApi.csproj", "{0D2F252D-735F-4C34-AB35-3FD712F79EF2}"
EndProject
Project("{FAE04EC0-301F-11D3-BF4B-00C04F79EFBC}") = "ApiGateway", "ApiGateway\ApiGateway.csproj", "{00D70598-5EB4-4EC8-8C67-37EAD1014433}"
EndProject
Project("{FAE04EC0-301F-11D3-BF4B-00C04F79EFBC}") = "GradeClassroomService", "GradeClassroomService\GradeClassroomService.csproj", "{EECA4DB0-5DD2-4B5A-9CA0-21FD4C24DB83}"
EndProject
Global
	GlobalSection(SolutionConfigurationPlatforms) = preSolution
		Debug|Any CPU = Debug|Any CPU
		Release|Any CPU = Release|Any CPU
	EndGlobalSection
	GlobalSection(ProjectConfigurationPlatforms) = postSolution
		{95637188-F20E-4179-BAC7-3D5D32F8670C}.Debug|Any CPU.ActiveCfg = Debug|Any CPU
		{95637188-F20E-4179-BAC7-3D5D32F8670C}.Debug|Any CPU.Build.0 = Debug|Any CPU
		{95637188-F20E-4179-BAC7-3D5D32F8670C}.Release|Any CPU.ActiveCfg = Release|Any CPU
		{95637188-F20E-4179-BAC7-3D5D32F8670C}.Release|Any CPU.Build.0 = Release|Any CPU
		{9098BD40-D289-45F9-8A3D-80083EDC0E36}.Debug|Any CPU.ActiveCfg = Debug|Any CPU
		{9098BD40-D289-45F9-8A3D-80083EDC0E36}.Debug|Any CPU.Build.0 = Debug|Any CPU
		{9098BD40-D289-45F9-8A3D-80083EDC0E36}.Release|Any CPU.ActiveCfg = Release|Any CPU
		{9098BD40-D289-45F9-8A3D-80083EDC0E36}.Release|Any CPU.Build.0 = Release|Any CPU
		{A3FDE758-8DF9-40BE-96E1-4FCFD99C3AB8}.Debug|Any CPU.ActiveCfg = Debug|Any CPU
		{A3FDE758-8DF9-40BE-96E1-4FCFD99C3AB8}.Debug|Any CPU.Build.0 = Debug|Any CPU
		{A3FDE758-8DF9-40BE-96E1-4FCFD99C3AB8}.Release|Any CPU.ActiveCfg = Release|Any CPU
		{A3FDE758-8DF9-40BE-96E1-4FCFD99C3AB8}.Release|Any CPU.Build.0 = Release|Any CPU
		{0D2F252D-735F-4C34-AB35-3FD712F79EF2}.Debug|Any CPU.ActiveCfg = Debug|Any CPU
		{0D2F252D-735F-4C34-AB35-3FD712F79EF2}.Debug|Any CPU.Build.0 = Debug|Any CPU
		{0D2F252D-735F-4C34-AB35-3FD712F79EF2}.Release|Any CPU.ActiveCfg = Release|Any CPU
		{0D2F252D-735F-4C34-AB35-3FD712F79EF2}.Release|Any CPU.Build.0 = Release|Any CPU
		{00D70598-5EB4-4EC8-8C67-37EAD1014433}.Debug|Any CPU.ActiveCfg = Debug|Any CPU
		{00D70598-5EB4-4EC8-8C67-37EAD1014433}.Debug|Any CPU.Build.0 = Debug|Any CPU
		{00D70598-5EB4-4EC8-8C67-37EAD1014433}.Release|Any CPU.ActiveCfg = Release|Any CPU
		{00D70598-5EB4-4EC8-8C67-37EAD1014433}.Release|Any CPU.Build.0 = Release|Any CPU
		{EECA4DB0-5DD2-4B5A-9CA0-21FD4C24DB83}.Debug|Any CPU.ActiveCfg = Debug|Any CPU
		{EECA4DB0-5DD2-4B5A-9CA0-21FD4C24DB83}.Debug|Any CPU.Build.0 = Debug|Any CPU
		{EECA4DB0-5DD2-4B5A-9CA0-21FD4C24DB83}.Release|Any CPU.ActiveCfg = Release|Any CPU
		{EECA4DB0-5DD2-4B5A-9CA0-21FD4C24DB83}.Release|Any CPU.Build.0 = Release|Any CPU
	EndGlobalSection
	GlobalSection(SolutionProperties) = preSolution
		HideSolutionNode = FALSE
	EndGlobalSection
	GlobalSection(ExtensibilityGlobals) = postSolution
		SolutionGuid = {B4C799EC-4124-432B-A8A0-A12B0B05B081}
	EndGlobalSection
EndGlobal
